
Microsoft Visual Studio Solution File, Format Version 12.00
# Visual Studio Version 16
VisualStudioVersion = 16.0.29911.84
MinimumVisualStudioVersion = 10.0.40219.1
Project("{FAE04EC0-301F-11D3-BF4B-00C04F79EFBC}") = "GK.WCS.Server", "HY.WCS.Server\GK.WCS.Server.csproj", "{BB89CA25-5EB6-4686-855E-A755C33E5B3F}"
EndProject
Project("{2150E333-8FDC-42A3-9474-1A3956D46DE8}") = "Device", "Device", "{C062DB5B-1D18-4030-860B-2F5CC18F0922}"
EndProject
Project("{FAE04EC0-301F-11D3-BF4B-00C04F79EFBC}") = "GK.WCS.Open", "Device\GK.WCS.Open\GK.WCS.Open.csproj", "{8C4FCD1F-DD7C-4BF0-95BC-D699B5C53A49}"
EndProject
Global
	GlobalSection(SolutionConfigurationPlatforms) = preSolution
		Debug|Any CPU = Debug|Any CPU
		Debug|Mixed Platforms = Debug|Mixed Platforms
		Debug|x86 = Debug|x86
		Release|Any CPU = Release|Any CPU
		Release|Mixed Platforms = Release|Mixed Platforms
		Release|x86 = Release|x86
	EndGlobalSection
	GlobalSection(ProjectConfigurationPlatforms) = postSolution
		{BB89CA25-5EB6-4686-855E-A755C33E5B3F}.Debug|Any CPU.ActiveCfg = Debug|x86
		{BB89CA25-5EB6-4686-855E-A755C33E5B3F}.Debug|Mixed Platforms.ActiveCfg = Debug|x86
		{BB89CA25-5EB6-4686-855E-A755C33E5B3F}.Debug|Mixed Platforms.Build.0 = Debug|x86
		{BB89CA25-5EB6-4686-855E-A755C33E5B3F}.Debug|x86.ActiveCfg = Debug|x86
		{BB89CA25-5EB6-4686-855E-A755C33E5B3F}.Debug|x86.Build.0 = Debug|x86
		{BB89CA25-5EB6-4686-855E-A755C33E5B3F}.Release|Any CPU.ActiveCfg = Release|x86
		{BB89CA25-5EB6-4686-855E-A755C33E5B3F}.Release|Mixed Platforms.ActiveCfg = Release|x86
		{BB89CA25-5EB6-4686-855E-A755C33E5B3F}.Release|Mixed Platforms.Build.0 = Release|x86
		{BB89CA25-5EB6-4686-855E-A755C33E5B3F}.Release|x86.ActiveCfg = Release|x86
		{BB89CA25-5EB6-4686-855E-A755C33E5B3F}.Release|x86.Build.0 = Release|x86
		{8C4FCD1F-DD7C-4BF0-95BC-D699B5C53A49}.Debug|Any CPU.ActiveCfg = Debug|Any CPU
		{8C4FCD1F-DD7C-4BF0-95BC-D699B5C53A49}.Debug|Any CPU.Build.0 = Debug|Any CPU
		{8C4FCD1F-DD7C-4BF0-95BC-D699B5C53A49}.Debug|Mixed Platforms.ActiveCfg = Debug|Any CPU
		{8C4FCD1F-DD7C-4BF0-95BC-D699B5C53A49}.Debug|Mixed Platforms.Build.0 = Debug|Any CPU
		{8C4FCD1F-DD7C-4BF0-95BC-D699B5C53A49}.Debug|x86.ActiveCfg = Debug|Any CPU
		{8C4FCD1F-DD7C-4BF0-95BC-D699B5C53A49}.Debug|x86.Build.0 = Debug|Any CPU
		{8C4FCD1F-DD7C-4BF0-95BC-D699B5C53A49}.Release|Any CPU.ActiveCfg = Release|Any CPU
		{8C4FCD1F-DD7C-4BF0-95BC-D699B5C53A49}.Release|Any CPU.Build.0 = Release|Any CPU
		{8C4FCD1F-DD7C-4BF0-95BC-D699B5C53A49}.Release|Mixed Platforms.ActiveCfg = Release|Any CPU
		{8C4FCD1F-DD7C-4BF0-95BC-D699B5C53A49}.Release|Mixed Platforms.Build.0 = Release|Any CPU
		{8C4FCD1F-DD7C-4BF0-95BC-D699B5C53A49}.Release|x86.ActiveCfg = Release|Any CPU
		{8C4FCD1F-DD7C-4BF0-95BC-D699B5C53A49}.Release|x86.Build.0 = Release|Any CPU
	EndGlobalSection
	GlobalSection(SolutionProperties) = preSolution
		HideSolutionNode = FALSE
	EndGlobalSection
	GlobalSection(NestedProjects) = preSolution
		{8C4FCD1F-DD7C-4BF0-95BC-D699B5C53A49} = {C062DB5B-1D18-4030-860B-2F5CC18F0922}
	EndGlobalSection
	GlobalSection(ExtensibilityGlobals) = postSolution
		SolutionGuid = {454D3BDC-402D-495D-A621-8B0F19691040}
	EndGlobalSection
	GlobalSection(TestCaseManagementSettings) = postSolution
		CategoryFile = HY_WCS.vsmdi
	EndGlobalSection
EndGlobal
